
Microsoft Visual Studio Solution File, Format Version 12.00
# Visual Studio Version 16
VisualStudioVersion = 16.0.30225.117
MinimumVisualStudioVersion = 10.0.40219.1
Project("{FAE04EC0-301F-11D3-BF4B-00C04F79EFBC}") = "Datos", "Datos\Datos.csproj", "{FEF62F12-3E19-4AD8-B28A-BC89C45C2019}"
EndProject
Project("{FAE04EC0-301F-11D3-BF4B-00C04F79EFBC}") = "UTDatos", "UTDatos\UTDatos.csproj", "{32F51D56-D70D-4B26-BC1A-B6A7E0D5080A}"
EndProject
Global
	GlobalSection(SolutionConfigurationPlatforms) = preSolution
		Debug|Any CPU = Debug|Any CPU
		Release|Any CPU = Release|Any CPU
	EndGlobalSection
	GlobalSection(ProjectConfigurationPlatforms) = postSolution
		{FEF62F12-3E19-4AD8-B28A-BC89C45C2019}.Debug|Any CPU.ActiveCfg = Debug|Any CPU
		{FEF62F12-3E19-4AD8-B28A-BC89C45C2019}.Debug|Any CPU.Build.0 = Debug|Any CPU
		{FEF62F12-3E19-4AD8-B28A-BC89C45C2019}.Release|Any CPU.ActiveCfg = Release|Any CPU
		{FEF62F12-3E19-4AD8-B28A-BC89C45C2019}.Release|Any CPU.Build.0 = Release|Any CPU
		{32F51D56-D70D-4B26-BC1A-B6A7E0D5080A}.Debug|Any CPU.ActiveCfg = Debug|Any CPU
		{32F51D56-D70D-4B26-BC1A-B6A7E0D5080A}.Debug|Any CPU.Build.0 = Debug|Any CPU
		{32F51D56-D70D-4B26-BC1A-B6A7E0D5080A}.Release|Any CPU.ActiveCfg = Release|Any CPU
		{32F51D56-D70D-4B26-BC1A-B6A7E0D5080A}.Release|Any CPU.Build.0 = Release|Any CPU
	EndGlobalSection
	GlobalSection(SolutionProperties) = preSolution
		HideSolutionNode = FALSE
	EndGlobalSection
	GlobalSection(ExtensibilityGlobals) = postSolution
		SolutionGuid = {5BE93D2C-2128-4C3C-9858-75B844E611EF}
	EndGlobalSection
EndGlobal
